PODS:
  - DMPagerView (1.1.0)
  - DMParallaxHeader (2.0.0)
  - DMSegmentedControl (1.1.1)

DEPENDENCIES:
  - DMPagerView (~> 1.1)
  - DMParallaxHeader (~> 2.0)
  - DMSegmentedControl (~> 1.1)

SPEC REPOS:
  https://github.com/cocoapods/specs.git:
    - DMPagerView
    - DMParallaxHeader
    - DMSegmentedControl

SPEC CHECKSUMS:
  DMPagerView: 5d1a36e2ab9a00f1ff1bdc4d4d44678eaa6ef054
  DMParallaxHeader: 65d8c216f1a673e3222e20c4e1a8ccb4463b0ca3
  DMSegmentedControl: b7b1c4f9a07c4ceba70ad7bf9971acde9738303d

PODFILE CHECKSUM: 1832ae1a45ebc676a62d2b3d50086ec6318cf7fb

COCOAPODS: 1.5.3
