PODS:
  - DMPagerView (1.0.2)
  - DMParallaxHeader (1.0.1)
  - DMSegmentedControl (1.1.0)

DEPENDENCIES:
  - DMPagerView (~> 1.0)
  - DMParallaxHeader (~> 1.0)
  - DMSegmentedControl (~> 1.1)

SPEC REPOS:
  https://github.com/cocoapods/specs.git:
    - DMPagerView
    - DMParallaxHeader
    - DMSegmentedControl

SPEC CHECKSUMS:
  DMPagerView: 5d20fac8d844631bdb9664cdf63aed83bafd49f5
  DMParallaxHeader: 7e6219ab5bd5f61e4e71c3ad3238bb2ded4715dc
  DMSegmentedControl: 3592f6a30a8ca0e83570744fd014708f6aea0565

PODFILE CHECKSUM: 9febd82f95080d84c3eca12a9dd0fc16502829d8

COCOAPODS: 1.5.3
