PODS:
  - DMPagerView (1.0.1)
  - DMParallaxHeader (1.0.1)
  - DMSegmentedControl (1.0.2)

DEPENDENCIES:
  - DMPagerView (~> 1.0)
  - DMParallaxHeader (~> 1.0)
  - DMSegmentedControl (~> 1.0)

SPEC REPOS:
  https://github.com/cocoapods/specs.git:
    - DMPagerView
    - DMParallaxHeader
    - DMSegmentedControl

SPEC CHECKSUMS:
  DMPagerView: ed17c6049f7b018ea167aa39939be445883955e2
  DMParallaxHeader: 7e6219ab5bd5f61e4e71c3ad3238bb2ded4715dc
  DMSegmentedControl: f3f7266ed8a05aa522f462b87bb5f4adfb306981

PODFILE CHECKSUM: cddcf1d55cde44ba384a2f6526b086461a8e86da

COCOAPODS: 1.5.3
